
Microsoft Visual Studio Solution File, Format Version 12.00
# Visual Studio 2012
Project("{8BC9CEB8-8B4A-11D0-8D11-00A0C91BC942}") = "Five", "Five\Five.vcxproj", "{EDFABEF9-E5FB-472C-9327-1B639F2F4272}"
EndProject
Global
	GlobalSection(SolutionConfigurationPlatforms) = preSolution
		Debug|Win32 = Debug|Win32
		Release|Win32 = Release|Win32
	EndGlobalSection
	GlobalSection(ProjectConfigurationPlatforms) = postSolution
		{EDFABEF9-E5FB-472C-9327-1B639F2F4272}.Debug|Win32.ActiveCfg = Debug|Win32
		{EDFABEF9-E5FB-472C-9327-1B639F2F4272}.Debug|Win32.Build.0 = Debug|Win32
		{EDFABEF9-E5FB-472C-9327-1B639F2F4272}.Release|Win32.ActiveCfg = Release|Win32
		{EDFABEF9-E5FB-472C-9327-1B639F2F4272}.Release|Win32.Build.0 = Release|Win32
	EndGlobalSection
	GlobalSection(SolutionProperties) = preSolution
		HideSolutionNode = FALSE
	EndGlobalSection
EndGlobal
